// !$*UTF8*$!
{
	archiveVersion = 1;
	classes = {
	};
	objectVersion = 50;
	objects = {

/* Begin PBXBuildFile section */
		51D8A41F222B7D0C004650FB /* RootTabBarController.swift in Sources */ = {isa = PBXBuildFile; fileRef = 51D8A41E222B7D0C004650FB /* RootTabBarController.swift */; };
		6B6F6DCACD894B09EDAFEA2D /* Pods_HourTech.framework in Frameworks */ = {isa = PBXBuildFile; fileRef = B970D4BE4DFAF82C114DF3F5 /* Pods_HourTech.framework */; };
		7A11B955222D1E4D00B30C0B /* MoreRoundedUIButton.swift in Sources */ = {isa = PBXBuildFile; fileRef = 7A11B954222D1E4D00B30C0B /* MoreRoundedUIButton.swift */; };
		7A3B27AA22260CAC0030879A /* SignUpViewController.swift in Sources */ = {isa = PBXBuildFile; fileRef = 7A3B27A922260CAC0030879A /* SignUpViewController.swift */; };
		7AA677CB22250BDB00F6B596 /* AppDelegate.swift in Sources */ = {isa = PBXBuildFile; fileRef = 7AA677CA22250BDB00F6B596 /* AppDelegate.swift */; };
		7AA677CD22250BDB00F6B596 /* ViewController.swift in Sources */ = {isa = PBXBuildFile; fileRef = 7AA677CC22250BDB00F6B596 /* ViewController.swift */; };
		7AA677D022250BDB00F6B596 /* Main.storyboard in Resources */ = {isa = PBXBuildFile; fileRef = 7AA677CE22250BDB00F6B596 /* Main.storyboard */; };
		7AA677D222250BDC00F6B596 /* Assets.xcassets in Resources */ = {isa = PBXBuildFile; fileRef = 7AA677D122250BDC00F6B596 /* Assets.xcassets */; };
		7AA677D522250BDC00F6B596 /* LaunchScreen.storyboard in Resources */ = {isa = PBXBuildFile; fileRef = 7AA677D322250BDC00F6B596 /* LaunchScreen.storyboard */; };
		7AA677DD2225124F00F6B596 /* BackgroundCAGradientLayer.swift in Sources */ = {isa = PBXBuildFile; fileRef = 7AA677DC2225124F00F6B596 /* BackgroundCAGradientLayer.swift */; };
		7AAE335B222B9E7B0033C537 /* UIView.swift in Sources */ = {isa = PBXBuildFile; fileRef = 7AAE335A222B9E7B0033C537 /* UIView.swift */; };
		7AAE335F222BC2980033C537 /* RoundedCornerUIButton.swift in Sources */ = {isa = PBXBuildFile; fileRef = 7AAE335E222BC2980033C537 /* RoundedCornerUIButton.swift */; };
		7AF175212226E47F00478A7F /* SearchResultsViewController.swift in Sources */ = {isa = PBXBuildFile; fileRef = 7AF175202226E47F00478A7F /* SearchResultsViewController.swift */; };
		7AF175232226FD8300478A7F /* TechkyProfile.swift in Sources */ = {isa = PBXBuildFile; fileRef = 7AF175222226FD8300478A7F /* TechkyProfile.swift */; };
		7AF17525222705D500478A7F /* TechkyProfileTableViewCell.swift in Sources */ = {isa = PBXBuildFile; fileRef = 7AF17524222705D500478A7F /* TechkyProfileTableViewCell.swift */; };
		7AF175272227176D00478A7F /* TechkyProfileViewController.swift in Sources */ = {isa = PBXBuildFile; fileRef = 7AF175262227176D00478A7F /* TechkyProfileViewController.swift */; };
		7AF1752922272EA700478A7F /* SignInViewController.swift in Sources */ = {isa = PBXBuildFile; fileRef = 7AF1752822272EA700478A7F /* SignInViewController.swift */; };
		7AF1752B22275EE300478A7F /* TextFieldDelegate.swift in Sources */ = {isa = PBXBuildFile; fileRef = 7AF1752A22275EE300478A7F /* TextFieldDelegate.swift */; };
		7AF1752D222760BF00478A7F /* UIViewController.swift in Sources */ = {isa = PBXBuildFile; fileRef = 7AF1752C222760BF00478A7F /* UIViewController.swift */; };
		9019AC7E22349D6C00431BF8 /* GoogleService-Info.plist in Resources */ = {isa = PBXBuildFile; fileRef = 9019AC7D22349D6B00431BF8 /* GoogleService-Info.plist */; };
		901CA5D0224C9AE800ADDD3D /* ChatSummary.swift in Sources */ = {isa = PBXBuildFile; fileRef = 901CA5CF224C9AE800ADDD3D /* ChatSummary.swift */; };
		901CA5D2224C9C3700ADDD3D /* MessageSummaryTableViewCell.swift in Sources */ = {isa = PBXBuildFile; fileRef = 901CA5D1224C9C3700ADDD3D /* MessageSummaryTableViewCell.swift */; };
		901CA5D4224CAD8700ADDD3D /* ChatDetailViewController.swift in Sources */ = {isa = PBXBuildFile; fileRef = 901CA5D3224CAD8700ADDD3D /* ChatDetailViewController.swift */; };
		901CA5D6224CD4C300ADDD3D /* Message.swift in Sources */ = {isa = PBXBuildFile; fileRef = 901CA5D5224CD4C300ADDD3D /* Message.swift */; };
		902B1A0B2249B1F800A2C593 /* ChatSummaryViewController.swift in Sources */ = {isa = PBXBuildFile; fileRef = 902B1A0A2249B1F800A2C593 /* ChatSummaryViewController.swift */; };
		90C2B9D0222C69EC00576F67 /* DataModel.xcdatamodeld in Sources */ = {isa = PBXBuildFile; fileRef = 90C2B9CE222C69EC00576F67 /* DataModel.xcdatamodeld */; };
		90EFB0C0223BD35E00AC214D /* SideMenuViewController.swift in Sources */ = {isa = PBXBuildFile; fileRef = 90EFB0BF223BD35E00AC214D /* SideMenuViewController.swift */; };
/* End PBXBuildFile section */

/* Begin PBXFileReference section */
		1045C7646F2C7E0AF6B4B9C8 /* Pods-HourTech.release.xcconfig */ = {isa = PBXFileReference; includeInIndex = 1; lastKnownFileType = text.xcconfig; name = "Pods-HourTech.release.xcconfig"; path = "Target Support Files/Pods-HourTech/Pods-HourTech.release.xcconfig"; sourceTree = "<group>"; };
		2F8A381B58AB61DA4ABA8621 /* Pods-HourTech.debug.xcconfig */ = {isa = PBXFileReference; includeInIndex = 1; lastKnownFileType = text.xcconfig; name = "Pods-HourTech.debug.xcconfig"; path = "Target Support Files/Pods-HourTech/Pods-HourTech.debug.xcconfig"; sourceTree = "<group>"; };
		51D8A41E222B7D0C004650FB /* RootTabBarController.swift */ = {isa = PBXFileReference; lastKnownFileType = sourcecode.swift; path = RootTabBarController.swift; sourceTree = "<group>"; };
		7A11B954222D1E4D00B30C0B /* MoreRoundedUIButton.swift */ = {isa = PBXFileReference; lastKnownFileType = sourcecode.swift; path = MoreRoundedUIButton.swift; sourceTree = "<group>"; };
		7A3B27A922260CAC0030879A /* SignUpViewController.swift */ = {isa = PBXFileReference; lastKnownFileType = sourcecode.swift; path = SignUpViewController.swift; sourceTree = "<group>"; };
		7AA677C722250BDB00F6B596 /* HourTech.app */ = {isa = PBXFileReference; explicitFileType = wrapper.application; includeInIndex = 0; path = HourTech.app; sourceTree = BUILT_PRODUCTS_DIR; };
		7AA677CA22250BDB00F6B596 /* AppDelegate.swift */ = {isa = PBXFileReference; lastKnownFileType = sourcecode.swift; path = AppDelegate.swift; sourceTree = "<group>"; };
		7AA677CC22250BDB00F6B596 /* ViewController.swift */ = {isa = PBXFileReference; lastKnownFileType = sourcecode.swift; path = ViewController.swift; sourceTree = "<group>"; };
		7AA677CF22250BDB00F6B596 /* Base */ = {isa = PBXFileReference; lastKnownFileType = file.storyboard; name = Base; path = Base.lproj/Main.storyboard; sourceTree = "<group>"; };
		7AA677D122250BDC00F6B596 /* Assets.xcassets */ = {isa = PBXFileReference; lastKnownFileType = folder.assetcatalog; path = Assets.xcassets; sourceTree = "<group>"; };
		7AA677D422250BDC00F6B596 /* Base */ = {isa = PBXFileReference; lastKnownFileType = file.storyboard; name = Base; path = Base.lproj/LaunchScreen.storyboard; sourceTree = "<group>"; };
		7AA677D622250BDC00F6B596 /* Info.plist */ = {isa = PBXFileReference; lastKnownFileType = text.plist.xml; path = Info.plist; sourceTree = "<group>"; };
		7AA677DC2225124F00F6B596 /* BackgroundCAGradientLayer.swift */ = {isa = PBXFileReference; lastKnownFileType = sourcecode.swift; path = BackgroundCAGradientLayer.swift; sourceTree = "<group>"; };
		7AAE335A222B9E7B0033C537 /* UIView.swift */ = {isa = PBXFileReference; lastKnownFileType = sourcecode.swift; path = UIView.swift; sourceTree = "<group>"; };
		7AAE335E222BC2980033C537 /* RoundedCornerUIButton.swift */ = {isa = PBXFileReference; lastKnownFileType = sourcecode.swift; path = RoundedCornerUIButton.swift; sourceTree = "<group>"; };
		7AF175202226E47F00478A7F /* SearchResultsViewController.swift */ = {isa = PBXFileReference; lastKnownFileType = sourcecode.swift; path = SearchResultsViewController.swift; sourceTree = "<group>"; };
		7AF175222226FD8300478A7F /* TechkyProfile.swift */ = {isa = PBXFileReference; lastKnownFileType = sourcecode.swift; path = TechkyProfile.swift; sourceTree = "<group>"; };
		7AF17524222705D500478A7F /* TechkyProfileTableViewCell.swift */ = {isa = PBXFileReference; lastKnownFileType = sourcecode.swift; path = TechkyProfileTableViewCell.swift; sourceTree = "<group>"; };
		7AF175262227176D00478A7F /* TechkyProfileViewController.swift */ = {isa = PBXFileReference; lastKnownFileType = sourcecode.swift; path = TechkyProfileViewController.swift; sourceTree = "<group>"; };
		7AF1752822272EA700478A7F /* SignInViewController.swift */ = {isa = PBXFileReference; lastKnownFileType = sourcecode.swift; path = SignInViewController.swift; sourceTree = "<group>"; };
		7AF1752A22275EE300478A7F /* TextFieldDelegate.swift */ = {isa = PBXFileReference; lastKnownFileType = sourcecode.swift; path = TextFieldDelegate.swift; sourceTree = "<group>"; };
		7AF1752C222760BF00478A7F /* UIViewController.swift */ = {isa = PBXFileReference; lastKnownFileType = sourcecode.swift; path = UIViewController.swift; sourceTree = "<group>"; };
		9019AC7D22349D6B00431BF8 /* GoogleService-Info.plist */ = {isa = PBXFileReference; fileEncoding = 4; lastKnownFileType = text.plist.xml; path = "GoogleService-Info.plist"; sourceTree = "<group>"; };
		901CA5CF224C9AE800ADDD3D /* ChatSummary.swift */ = {isa = PBXFileReference; lastKnownFileType = sourcecode.swift; path = ChatSummary.swift; sourceTree = "<group>"; };
		901CA5D1224C9C3700ADDD3D /* MessageSummaryTableViewCell.swift */ = {isa = PBXFileReference; lastKnownFileType = sourcecode.swift; path = MessageSummaryTableViewCell.swift; sourceTree = "<group>"; };
		901CA5D3224CAD8700ADDD3D /* ChatDetailViewController.swift */ = {isa = PBXFileReference; lastKnownFileType = sourcecode.swift; path = ChatDetailViewController.swift; sourceTree = "<group>"; };
		901CA5D5224CD4C300ADDD3D /* Message.swift */ = {isa = PBXFileReference; lastKnownFileType = sourcecode.swift; path = Message.swift; sourceTree = "<group>"; };
		902B1A0A2249B1F800A2C593 /* ChatSummaryViewController.swift */ = {isa = PBXFileReference; lastKnownFileType = sourcecode.swift; path = ChatSummaryViewController.swift; sourceTree = "<group>"; };
		90C2B9CF222C69EC00576F67 /* DataModel.xcdatamodel */ = {isa = PBXFileReference; lastKnownFileType = wrapper.xcdatamodel; path = DataModel.xcdatamodel; sourceTree = "<group>"; };
		90EFB0BF223BD35E00AC214D /* SideMenuViewController.swift */ = {isa = PBXFileReference; lastKnownFileType = sourcecode.swift; path = SideMenuViewController.swift; sourceTree = "<group>"; };
		B970D4BE4DFAF82C114DF3F5 /* Pods_HourTech.framework */ = {isa = PBXFileReference; explicitFileType = wrapper.framework; includeInIndex = 0; path = Pods_HourTech.framework; sourceTree = BUILT_PRODUCTS_DIR; };
/* End PBXFileReference section */

/* Begin PBXFrameworksBuildPhase section */
		7AA677C422250BDB00F6B596 /* Frameworks */ = {
			isa = PBXFrameworksBuildPhase;
			buildActionMask = 2147483647;
			files = (
				6B6F6DCACD894B09EDAFEA2D /* Pods_HourTech.framework in Frameworks */,
			);
			runOnlyForDeploymentPostprocessing = 0;
		};
/* End PBXFrameworksBuildPhase section */

/* Begin PBXGroup section */
		7A3B27A522260C050030879A /* ViewControllers */ = {
			isa = PBXGroup;
			children = (
				7AF1752822272EA700478A7F /* SignInViewController.swift */,
				7AA677CC22250BDB00F6B596 /* ViewController.swift */,
				7A3B27A922260CAC0030879A /* SignUpViewController.swift */,
				7AF175202226E47F00478A7F /* SearchResultsViewController.swift */,
				7AF175262227176D00478A7F /* TechkyProfileViewController.swift */,
				90EFB0BF223BD35E00AC214D /* SideMenuViewController.swift */,
				902B1A0A2249B1F800A2C593 /* ChatSummaryViewController.swift */,
				901CA5D3224CAD8700ADDD3D /* ChatDetailViewController.swift */,
			);
			path = ViewControllers;
			sourceTree = "<group>";
		};
		7A3B27A622260C180030879A /* Views */ = {
			isa = PBXGroup;
			children = (
				51D8A41E222B7D0C004650FB /* RootTabBarController.swift */,
				7AA677DC2225124F00F6B596 /* BackgroundCAGradientLayer.swift */,
				7AF17524222705D500478A7F /* TechkyProfileTableViewCell.swift */,
				7AAE335E222BC2980033C537 /* RoundedCornerUIButton.swift */,
				7A11B954222D1E4D00B30C0B /* MoreRoundedUIButton.swift */,
				901CA5D1224C9C3700ADDD3D /* MessageSummaryTableViewCell.swift */,
			);
			path = Views;
			sourceTree = "<group>";
		};
		7A3B27A722260C1D0030879A /* Models */ = {
			isa = PBXGroup;
			children = (
				90C2B9CE222C69EC00576F67 /* DataModel.xcdatamodeld */,
				7AF175222226FD8300478A7F /* TechkyProfile.swift */,
				901CA5CF224C9AE800ADDD3D /* ChatSummary.swift */,
				901CA5D5224CD4C300ADDD3D /* Message.swift */,
			);
			path = Models;
			sourceTree = "<group>";
		};
		7A3B27A822260C3C0030879A /* Extensions */ = {
			isa = PBXGroup;
			children = (
				7AF1752C222760BF00478A7F /* UIViewController.swift */,
				7AF1752A22275EE300478A7F /* TextFieldDelegate.swift */,
				7AAE335A222B9E7B0033C537 /* UIView.swift */,
			);
			path = Extensions;
			sourceTree = "<group>";
		};
		7AA677BE22250BDB00F6B596 = {
			isa = PBXGroup;
			children = (
				7AA677C922250BDB00F6B596 /* HourTech */,
				7AA677C822250BDB00F6B596 /* Products */,
				7D8F8E5E8705183677264FD6 /* Pods */,
				DC4AC1AC74234526FD94C065 /* Frameworks */,
			);
			sourceTree = "<group>";
		};
		7AA677C822250BDB00F6B596 /* Products */ = {
			isa = PBXGroup;
			children = (
				7AA677C722250BDB00F6B596 /* HourTech.app */,
			);
			name = Products;
			sourceTree = "<group>";
		};
		7AA677C922250BDB00F6B596 /* HourTech */ = {
			isa = PBXGroup;
			children = (
				7A3B27A822260C3C0030879A /* Extensions */,
				7A3B27A722260C1D0030879A /* Models */,
				7A3B27A622260C180030879A /* Views */,
				7A3B27A522260C050030879A /* ViewControllers */,
				7AA677CA22250BDB00F6B596 /* AppDelegate.swift */,
				7AA677CE22250BDB00F6B596 /* Main.storyboard */,
				7AA677D122250BDC00F6B596 /* Assets.xcassets */,
				7AA677D322250BDC00F6B596 /* LaunchScreen.storyboard */,
				7AA677D622250BDC00F6B596 /* Info.plist */,
				9019AC7D22349D6B00431BF8 /* GoogleService-Info.plist */,
			);
			path = HourTech;
			sourceTree = "<group>";
		};
		7D8F8E5E8705183677264FD6 /* Pods */ = {
			isa = PBXGroup;
			children = (
				2F8A381B58AB61DA4ABA8621 /* Pods-HourTech.debug.xcconfig */,
				1045C7646F2C7E0AF6B4B9C8 /* Pods-HourTech.release.xcconfig */,
			);
			path = Pods;
			sourceTree = "<group>";
		};
		DC4AC1AC74234526FD94C065 /* Frameworks */ = {
			isa = PBXGroup;
			children = (
				B970D4BE4DFAF82C114DF3F5 /* Pods_HourTech.framework */,
			);
			name = Frameworks;
			sourceTree = "<group>";
		};
/* End PBXGroup section */

/* Begin PBXNativeTarget section */
		7AA677C622250BDB00F6B596 /* HourTech */ = {
			isa = PBXNativeTarget;
			buildConfigurationList = 7AA677D922250BDC00F6B596 /* Build configuration list for PBXNativeTarget "HourTech" */;
			buildPhases = (
				8EB9A84BB21FAFF12A721B87 /* [CP] Check Pods Manifest.lock */,
				7AA677C322250BDB00F6B596 /* Sources */,
				7AA677C422250BDB00F6B596 /* Frameworks */,
				7AA677C522250BDB00F6B596 /* Resources */,
				D086C5EB9A051A635781EB48 /* [CP] Embed Pods Frameworks */,
			);
			buildRules = (
			);
			dependencies = (
			);
			name = HourTech;
			productName = HourTech;
			productReference = 7AA677C722250BDB00F6B596 /* HourTech.app */;
			productType = "com.apple.product-type.application";
		};
/* End PBXNativeTarget section */

/* Begin PBXProject section */
		7AA677BF22250BDB00F6B596 /* Project object */ = {
			isa = PBXProject;
			attributes = {
				LastSwiftUpdateCheck = 1010;
				LastUpgradeCheck = 1010;
				ORGANIZATIONNAME = "Maggie VU";
				TargetAttributes = {
					7AA677C622250BDB00F6B596 = {
						CreatedOnToolsVersion = 10.1;
						LastSwiftMigration = 1020;
					};
				};
			};
			buildConfigurationList = 7AA677C222250BDB00F6B596 /* Build configuration list for PBXProject "HourTech" */;
			compatibilityVersion = "Xcode 9.3";
			developmentRegion = en;
			hasScannedForEncodings = 0;
			knownRegions = (
				en,
				Base,
			);
			mainGroup = 7AA677BE22250BDB00F6B596;
			productRefGroup = 7AA677C822250BDB00F6B596 /* Products */;
			projectDirPath = "";
			projectRoot = "";
			targets = (
				7AA677C622250BDB00F6B596 /* HourTech */,
			);
		};
/* End PBXProject section */

/* Begin PBXResourcesBuildPhase section */
		7AA677C522250BDB00F6B596 /* Resources */ = {
			isa = PBXResourcesBuildPhase;
			buildActionMask = 2147483647;
			files = (
				7AA677D522250BDC00F6B596 /* LaunchScreen.storyboard in Resources */,
				9019AC7E22349D6C00431BF8 /* GoogleService-Info.plist in Resources */,
				7AA677D222250BDC00F6B596 /* Assets.xcassets in Resources */,
				7AA677D022250BDB00F6B596 /* Main.storyboard in Resources */,
			);
			runOnlyForDeploymentPostprocessing = 0;
		};
/* End PBXResourcesBuildPhase section */

/* Begin PBXShellScriptBuildPhase section */
		8EB9A84BB21FAFF12A721B87 /* [CP] Check Pods Manifest.lock */ = {
			isa = PBXShellScriptBuildPhase;
			buildActionMask = 2147483647;
			files = (
			);
			inputFileListPaths = (
			);
			inputPaths = (
				"${PODS_PODFILE_DIR_PATH}/Podfile.lock",
				"${PODS_ROOT}/Manifest.lock",
			);
			name = "[CP] Check Pods Manifest.lock";
			outputFileListPaths = (
			);
			outputPaths = (
				"$(DERIVED_FILE_DIR)/Pods-HourTech-checkManifestLockResult.txt",
			);
			runOnlyForDeploymentPostprocessing = 0;
			shellPath = /bin/sh;
			shellScript = "diff \"${PODS_PODFILE_DIR_PATH}/Podfile.lock\" \"${PODS_ROOT}/Manifest.lock\" > /dev/null\nif [ $? != 0 ] ; then\n    # print error to STDERR\n    echo \"error: The sandbox is not in sync with the Podfile.lock. Run 'pod install' or update your CocoaPods installation.\" >&2\n    exit 1\nfi\n# This output is used by Xcode 'outputs' to avoid re-running this script phase.\necho \"SUCCESS\" > \"${SCRIPT_OUTPUT_FILE_0}\"\n";
			showEnvVarsInLog = 0;
		};
		D086C5EB9A051A635781EB48 /* [CP] Embed Pods Frameworks */ = {
			isa = PBXShellScriptBuildPhase;
			buildActionMask = 2147483647;
			files = (
			);
			inputFileListPaths = (
			);
			inputPaths = (
				"${PODS_ROOT}/Target Support Files/Pods-HourTech/Pods-HourTech-frameworks.sh",
				"${BUILT_PRODUCTS_DIR}/GTMSessionFetcher/GTMSessionFetcher.framework",
				"${BUILT_PRODUCTS_DIR}/GoogleUtilities/GoogleUtilities.framework",
				"${BUILT_PRODUCTS_DIR}/MessageInputBar/MessageInputBar.framework",
				"${BUILT_PRODUCTS_DIR}/MessageKit/MessageKit.framework",
				"${BUILT_PRODUCTS_DIR}/leveldb-library/leveldb.framework",
				"${BUILT_PRODUCTS_DIR}/nanopb/nanopb.framework",
			);
			name = "[CP] Embed Pods Frameworks";
			outputFileListPaths = (
			);
			outputPaths = (
				"${TARGET_BUILD_DIR}/${FRAMEWORKS_FOLDER_PATH}/GTMSessionFetcher.framework",
				"${TARGET_BUILD_DIR}/${FRAMEWORKS_FOLDER_PATH}/GoogleUtilities.framework",
				"${TARGET_BUILD_DIR}/${FRAMEWORKS_FOLDER_PATH}/MessageInputBar.framework",
				"${TARGET_BUILD_DIR}/${FRAMEWORKS_FOLDER_PATH}/MessageKit.framework",
				"${TARGET_BUILD_DIR}/${FRAMEWORKS_FOLDER_PATH}/leveldb.framework",
				"${TARGET_BUILD_DIR}/${FRAMEWORKS_FOLDER_PATH}/nanopb.framework",
			);
			runOnlyForDeploymentPostprocessing = 0;
			shellPath = /bin/sh;
			shellScript = "\"${PODS_ROOT}/Target Support Files/Pods-HourTech/Pods-HourTech-frameworks.sh\"\n";
			showEnvVarsInLog = 0;
		};
/* End PBXShellScriptBuildPhase section */

/* Begin PBXSourcesBuildPhase section */
		7AA677C322250BDB00F6B596 /* Sources */ = {
			isa = PBXSourcesBuildPhase;
			buildActionMask = 2147483647;
			files = (
				7AAE335B222B9E7B0033C537 /* UIView.swift in Sources */,
				7AA677CD22250BDB00F6B596 /* ViewController.swift in Sources */,
				901CA5D2224C9C3700ADDD3D /* MessageSummaryTableViewCell.swift in Sources */,
				7A11B955222D1E4D00B30C0B /* MoreRoundedUIButton.swift in Sources */,
				51D8A41F222B7D0C004650FB /* RootTabBarController.swift in Sources */,
				7AA677DD2225124F00F6B596 /* BackgroundCAGradientLayer.swift in Sources */,
				7A3B27AA22260CAC0030879A /* SignUpViewController.swift in Sources */,
				7AF1752D222760BF00478A7F /* UIViewController.swift in Sources */,
				901CA5D4224CAD8700ADDD3D /* ChatDetailViewController.swift in Sources */,
				90C2B9D0222C69EC00576F67 /* DataModel.xcdatamodeld in Sources */,
				7AF17525222705D500478A7F /* TechkyProfileTableViewCell.swift in Sources */,
				7AF175272227176D00478A7F /* TechkyProfileViewController.swift in Sources */,
				90EFB0C0223BD35E00AC214D /* SideMenuViewController.swift in Sources */,
				7AF1752922272EA700478A7F /* SignInViewController.swift in Sources */,
				7AF175232226FD8300478A7F /* TechkyProfile.swift in Sources */,
				7AA677CB22250BDB00F6B596 /* AppDelegate.swift in Sources */,
				7AF1752B22275EE300478A7F /* TextFieldDelegate.swift in Sources */,
				901CA5D6224CD4C300ADDD3D /* Message.swift in Sources */,
				901CA5D0224C9AE800ADDD3D /* ChatSummary.swift in Sources */,
				7AF175212226E47F00478A7F /* SearchResultsViewController.swift in Sources */,
				7AAE335F222BC2980033C537 /* RoundedCornerUIButton.swift in Sources */,
				902B1A0B2249B1F800A2C593 /* ChatSummaryViewController.swift in Sources */,
			);
			runOnlyForDeploymentPostprocessing = 0;
		};
/* End PBXSourcesBuildPhase section */

/* Begin PBXVariantGroup section */
		7AA677CE22250BDB00F6B596 /* Main.storyboard */ = {
			isa = PBXVariantGroup;
			children = (
				7AA677CF22250BDB00F6B596 /* Base */,
			);
			name = Main.storyboard;
			sourceTree = "<group>";
		};
		7AA677D322250BDC00F6B596 /* LaunchScreen.storyboard */ = {
			isa = PBXVariantGroup;
			children = (
				7AA677D422250BDC00F6B596 /* Base */,
			);
			name = LaunchScreen.storyboard;
			sourceTree = "<group>";
		};
/* End PBXVariantGroup section */

/* Begin XCBuildConfiguration section */
		7AA677D722250BDC00F6B596 /* Debug */ = {
			isa = XCBuildConfiguration;
			buildSettings = {
				ALWAYS_SEARCH_USER_PATHS = NO;
				CLANG_ANALYZER_NONNULL = YES;
				CLANG_ANALYZER_NUMBER_OBJECT_CONVERSION = YES_AGGRESSIVE;
				CLANG_CXX_LANGUAGE_STANDARD = "gnu++14";
				CLANG_CXX_LIBRARY = "libc++";
				CLANG_ENABLE_MODULES = YES;
				CLANG_ENABLE_OBJC_ARC = YES;
				CLANG_ENABLE_OBJC_WEAK = YES;
				CLANG_WARN_BLOCK_CAPTURE_AUTORELEASING = YES;
				CLANG_WARN_BOOL_CONVERSION = YES;
				CLANG_WARN_COMMA = YES;
				CLANG_WARN_CONSTANT_CONVERSION = YES;
				CLANG_WARN_DEPRECATED_OBJC_IMPLEMENTATIONS = YES;
				CLANG_WARN_DIRECT_OBJC_ISA_USAGE = YES_ERROR;
				CLANG_WARN_DOCUMENTATION_COMMENTS = YES;
				CLANG_WARN_EMPTY_BODY = YES;
				CLANG_WARN_ENUM_CONVERSION = YES;
				CLANG_WARN_INFINITE_RECURSION = YES;
				CLANG_WARN_INT_CONVERSION = YES;
				CLANG_WARN_NON_LITERAL_NULL_CONVERSION = YES;
				CLANG_WARN_OBJC_IMPLICIT_RETAIN_SELF = YES;
				CLANG_WARN_OBJC_LITERAL_CONVERSION = YES;
				CLANG_WARN_OBJC_ROOT_CLASS = YES_ERROR;
				CLANG_WARN_RANGE_LOOP_ANALYSIS = YES;
				CLANG_WARN_STRICT_PROTOTYPES = YES;
				CLANG_WARN_SUSPICIOUS_MOVE = YES;
				CLANG_WARN_UNGUARDED_AVAILABILITY = YES_AGGRESSIVE;
				CLANG_WARN_UNREACHABLE_CODE = YES;
				CLANG_WARN__DUPLICATE_METHOD_MATCH = YES;
				CODE_SIGN_IDENTITY = "iPhone Developer";
				COPY_PHASE_STRIP = NO;
				DEBUG_INFORMATION_FORMAT = dwarf;
				ENABLE_STRICT_OBJC_MSGSEND = YES;
				ENABLE_TESTABILITY = YES;
				GCC_C_LANGUAGE_STANDARD = gnu11;
				GCC_DYNAMIC_NO_PIC = NO;
				GCC_NO_COMMON_BLOCKS = YES;
				GCC_OPTIMIZATION_LEVEL = 0;
				GCC_PREPROCESSOR_DEFINITIONS = (
					"DEBUG=1",
					"$(inherited)",
				);
				GCC_WARN_64_TO_32_BIT_CONVERSION = YES;
				GCC_WARN_ABOUT_RETURN_TYPE = YES_ERROR;
				GCC_WARN_UNDECLARED_SELECTOR = YES;
				GCC_WARN_UNINITIALIZED_AUTOS = YES_AGGRESSIVE;
				GCC_WARN_UNUSED_FUNCTION = YES;
				GCC_WARN_UNUSED_VARIABLE = YES;
				IPHONEOS_DEPLOYMENT_TARGET = 12.1;
				MTL_ENABLE_DEBUG_INFO = INCLUDE_SOURCE;
				MTL_FAST_MATH = YES;
				ONLY_ACTIVE_ARCH = YES;
				SDKROOT = iphoneos;
				SWIFT_ACTIVE_COMPILATION_CONDITIONS = DEBUG;
				SWIFT_OPTIMIZATION_LEVEL = "-Onone";
			};
			name = Debug;
		};
		7AA677D822250BDC00F6B596 /* Release */ = {
			isa = XCBuildConfiguration;
			buildSettings = {
				ALWAYS_SEARCH_USER_PATHS = NO;
				CLANG_ANALYZER_NONNULL = YES;
				CLANG_ANALYZER_NUMBER_OBJECT_CONVERSION = YES_AGGRESSIVE;
				CLANG_CXX_LANGUAGE_STANDARD = "gnu++14";
				CLANG_CXX_LIBRARY = "libc++";
				CLANG_ENABLE_MODULES = YES;
				CLANG_ENABLE_OBJC_ARC = YES;
				CLANG_ENABLE_OBJC_WEAK = YES;
				CLANG_WARN_BLOCK_CAPTURE_AUTORELEASING = YES;
				CLANG_WARN_BOOL_CONVERSION = YES;
				CLANG_WARN_COMMA = YES;
				CLANG_WARN_CONSTANT_CONVERSION = YES;
				CLANG_WARN_DEPRECATED_OBJC_IMPLEMENTATIONS = YES;
				CLANG_WARN_DIRECT_OBJC_ISA_USAGE = YES_ERROR;
				CLANG_WARN_DOCUMENTATION_COMMENTS = YES;
				CLANG_WARN_EMPTY_BODY = YES;
				CLANG_WARN_ENUM_CONVERSION = YES;
				CLANG_WARN_INFINITE_RECURSION = YES;
				CLANG_WARN_INT_CONVERSION = YES;
				CLANG_WARN_NON_LITERAL_NULL_CONVERSION = YES;
				CLANG_WARN_OBJC_IMPLICIT_RETAIN_SELF = YES;
				CLANG_WARN_OBJC_LITERAL_CONVERSION = YES;
				CLANG_WARN_OBJC_ROOT_CLASS = YES_ERROR;
				CLANG_WARN_RANGE_LOOP_ANALYSIS = YES;
				CLANG_WARN_STRICT_PROTOTYPES = YES;
				CLANG_WARN_SUSPICIOUS_MOVE = YES;
				CLANG_WARN_UNGUARDED_AVAILABILITY = YES_AGGRESSIVE;
				CLANG_WARN_UNREACHABLE_CODE = YES;
				CLANG_WARN__DUPLICATE_METHOD_MATCH = YES;
				CODE_SIGN_IDENTITY = "iPhone Developer";
				COPY_PHASE_STRIP = NO;
				DEBUG_INFORMATION_FORMAT = "dwarf-with-dsym";
				ENABLE_NS_ASSERTIONS = NO;
				ENABLE_STRICT_OBJC_MSGSEND = YES;
				GCC_C_LANGUAGE_STANDARD = gnu11;
				GCC_NO_COMMON_BLOCKS = YES;
				GCC_WARN_64_TO_32_BIT_CONVERSION = YES;
				GCC_WARN_ABOUT_RETURN_TYPE = YES_ERROR;
				GCC_WARN_UNDECLARED_SELECTOR = YES;
				GCC_WARN_UNINITIALIZED_AUTOS = YES_AGGRESSIVE;
				GCC_WARN_UNUSED_FUNCTION = YES;
				GCC_WARN_UNUSED_VARIABLE = YES;
				IPHONEOS_DEPLOYMENT_TARGET = 12.1;
				MTL_ENABLE_DEBUG_INFO = NO;
				MTL_FAST_MATH = YES;
				SDKROOT = iphoneos;
				SWIFT_COMPILATION_MODE = wholemodule;
				SWIFT_OPTIMIZATION_LEVEL = "-O";
				VALIDATE_PRODUCT = YES;
			};
			name = Release;
		};
		7AA677DA22250BDC00F6B596 /* Debug */ = {
			isa = XCBuildConfiguration;
			baseConfigurationReference = 2F8A381B58AB61DA4ABA8621 /* Pods-HourTech.debug.xcconfig */;
			buildSettings = {
				ASSETCATALOG_COMPILER_APPICON_NAME = AppIcon;
				CODE_SIGN_IDENTITY = "iPhone Developer";
				CODE_SIGN_STYLE = Automatic;
				DEVELOPMENT_TEAM = MAA4N7A8PH;
				INFOPLIST_FILE = HourTech/Info.plist;
				IPHONEOS_DEPLOYMENT_TARGET = 12.1;
				LD_RUNPATH_SEARCH_PATHS = (
					"$(inherited)",
					"@executable_path/Frameworks",
				);
				PRODUCT_BUNDLE_IDENTIFIER = com.hourtech.HourTech;
				PRODUCT_NAME = "$(TARGET_NAME)";
				PROVISIONING_PROFILE_SPECIFIER = "";
				SWIFT_VERSION = 5.0;
				TARGETED_DEVICE_FAMILY = "1,2";
			};
			name = Debug;
		};
		7AA677DB22250BDC00F6B596 /* Release */ = {
			isa = XCBuildConfiguration;
			baseConfigurationReference = 1045C7646F2C7E0AF6B4B9C8 /* Pods-HourTech.release.xcconfig */;
			buildSettings = {
				ASSETCATALOG_COMPILER_APPICON_NAME = AppIcon;
				CODE_SIGN_IDENTITY = "iPhone Developer";
				CODE_SIGN_STYLE = Automatic;
				DEVELOPMENT_TEAM = MAA4N7A8PH;
				INFOPLIST_FILE = HourTech/Info.plist;
				IPHONEOS_DEPLOYMENT_TARGET = 12.1;
				LD_RUNPATH_SEARCH_PATHS = (
					"$(inherited)",
					"@executable_path/Frameworks",
				);
				PRODUCT_BUNDLE_IDENTIFIER = com.hourtech.HourTech;
				PRODUCT_NAME = "$(TARGET_NAME)";
				PROVISIONING_PROFILE_SPECIFIER = "";
				SWIFT_VERSION = 5.0;
				TARGETED_DEVICE_FAMILY = "1,2";
			};
			name = Release;
		};
/* End XCBuildConfiguration section */

/* Begin XCConfigurationList section */
		7AA677C222250BDB00F6B596 /* Build configuration list for PBXProject "HourTech" */ = {
			isa = XCConfigurationList;
			buildConfigurations = (
				7AA677D722250BDC00F6B596 /* Debug */,
				7AA677D822250BDC00F6B596 /* Release */,
			);
			defaultConfigurationIsVisible = 0;
			defaultConfigurationName = Release;
		};
		7AA677D922250BDC00F6B596 /* Build configuration list for PBXNativeTarget "HourTech" */ = {
			isa = XCConfigurationList;
			buildConfigurations = (
				7AA677DA22250BDC00F6B596 /* Debug */,
				7AA677DB22250BDC00F6B596 /* Release */,
			);
			defaultConfigurationIsVisible = 0;
			defaultConfigurationName = Release;
		};
/* End XCConfigurationList section */

/* Begin XCVersionGroup section */
		90C2B9CE222C69EC00576F67 /* DataModel.xcdatamodeld */ = {
			isa = XCVersionGroup;
			children = (
				90C2B9CF222C69EC00576F67 /* DataModel.xcdatamodel */,
			);
			currentVersion = 90C2B9CF222C69EC00576F67 /* DataModel.xcdatamodel */;
			path = DataModel.xcdatamodeld;
			sourceTree = "<group>";
			versionGroupType = wrapper.xcdatamodel;
		};
/* End XCVersionGroup section */
	};
	rootObject = 7AA677BF22250BDB00F6B596 /* Project object */;
}
