// !$*UTF8*$!
{
	archiveVersion = 1;
	classes = {
	};
	objectVersion = 50;
	objects = {

/* Begin PBXBuildFile section */
		7A3B27AA22260CAC0030879A /* SignUpViewController.swift in Sources */ = {isa = PBXBuildFile; fileRef = 7A3B27A922260CAC0030879A /* SignUpViewController.swift */; };
		7AA677CB22250BDB00F6B596 /* AppDelegate.swift in Sources */ = {isa = PBXBuildFile; fileRef = 7AA677CA22250BDB00F6B596 /* AppDelegate.swift */; };
		7AA677CD22250BDB00F6B596 /* ViewController.swift in Sources */ = {isa = PBXBuildFile; fileRef = 7AA677CC22250BDB00F6B596 /* ViewController.swift */; };
		7AA677D022250BDB00F6B596 /* Main.storyboard in Resources */ = {isa = PBXBuildFile; fileRef = 7AA677CE22250BDB00F6B596 /* Main.storyboard */; };
		7AA677D222250BDC00F6B596 /* Assets.xcassets in Resources */ = {isa = PBXBuildFile; fileRef = 7AA677D122250BDC00F6B596 /* Assets.xcassets */; };
		7AA677D522250BDC00F6B596 /* LaunchScreen.storyboard in Resources */ = {isa = PBXBuildFile; fileRef = 7AA677D322250BDC00F6B596 /* LaunchScreen.storyboard */; };
		7AA677DD2225124F00F6B596 /* BackgroundCAGradientLayer.swift in Sources */ = {isa = PBXBuildFile; fileRef = 7AA677DC2225124F00F6B596 /* BackgroundCAGradientLayer.swift */; };
		7AF175212226E47F00478A7F /* SearchResultsViewController.swift in Sources */ = {isa = PBXBuildFile; fileRef = 7AF175202226E47F00478A7F /* SearchResultsViewController.swift */; };
		7AF175232226FD8300478A7F /* TechkyProfile.swift in Sources */ = {isa = PBXBuildFile; fileRef = 7AF175222226FD8300478A7F /* TechkyProfile.swift */; };
		7AF17525222705D500478A7F /* TechkyProfileTableViewCell.swift in Sources */ = {isa = PBXBuildFile; fileRef = 7AF17524222705D500478A7F /* TechkyProfileTableViewCell.swift */; };
		7AF175272227176D00478A7F /* TechkyProfileViewController.swift in Sources */ = {isa = PBXBuildFile; fileRef = 7AF175262227176D00478A7F /* TechkyProfileViewController.swift */; };
		7AF1752922272EA700478A7F /* SignInViewController.swift in Sources */ = {isa = PBXBuildFile; fileRef = 7AF1752822272EA700478A7F /* SignInViewController.swift */; };
		7AF1752B22275EE300478A7F /* TextFieldDelegate.swift in Sources */ = {isa = PBXBuildFile; fileRef = 7AF1752A22275EE300478A7F /* TextFieldDelegate.swift */; };
		7AF1752D222760BF00478A7F /* UIViewController.swift in Sources */ = {isa = PBXBuildFile; fileRef = 7AF1752C222760BF00478A7F /* UIViewController.swift */; };
/* End PBXBuildFile section */

/* Begin PBXFileReference section */
		7A3B27A922260CAC0030879A /* SignUpViewController.swift */ = {isa = PBXFileReference; lastKnownFileType = sourcecode.swift; path = SignUpViewController.swift; sourceTree = "<group>"; };
		7AA677C722250BDB00F6B596 /* HourTech.app */ = {isa = PBXFileReference; explicitFileType = wrapper.application; includeInIndex = 0; path = HourTech.app; sourceTree = BUILT_PRODUCTS_DIR; };
		7AA677CA22250BDB00F6B596 /* AppDelegate.swift */ = {isa = PBXFileReference; lastKnownFileType = sourcecode.swift; path = AppDelegate.swift; sourceTree = "<group>"; };
		7AA677CC22250BDB00F6B596 /* ViewController.swift */ = {isa = PBXFileReference; lastKnownFileType = sourcecode.swift; path = ViewController.swift; sourceTree = "<group>"; };
		7AA677CF22250BDB00F6B596 /* Base */ = {isa = PBXFileReference; lastKnownFileType = file.storyboard; name = Base; path = Base.lproj/Main.storyboard; sourceTree = "<group>"; };
		7AA677D122250BDC00F6B596 /* Assets.xcassets */ = {isa = PBXFileReference; lastKnownFileType = folder.assetcatalog; path = Assets.xcassets; sourceTree = "<group>"; };
		7AA677D422250BDC00F6B596 /* Base */ = {isa = PBXFileReference; lastKnownFileType = file.storyboard; name = Base; path = Base.lproj/LaunchScreen.storyboard; sourceTree = "<group>"; };
		7AA677D622250BDC00F6B596 /* Info.plist */ = {isa = PBXFileReference; lastKnownFileType = text.plist.xml; path = Info.plist; sourceTree = "<group>"; };
		7AA677DC2225124F00F6B596 /* BackgroundCAGradientLayer.swift */ = {isa = PBXFileReference; lastKnownFileType = sourcecode.swift; path = BackgroundCAGradientLayer.swift; sourceTree = "<group>"; };
		7AF175202226E47F00478A7F /* SearchResultsViewController.swift */ = {isa = PBXFileReference; lastKnownFileType = sourcecode.swift; path = SearchResultsViewController.swift; sourceTree = "<group>"; };
		7AF175222226FD8300478A7F /* TechkyProfile.swift */ = {isa = PBXFileReference; lastKnownFileType = sourcecode.swift; path = TechkyProfile.swift; sourceTree = "<group>"; };
		7AF17524222705D500478A7F /* TechkyProfileTableViewCell.swift */ = {isa = PBXFileReference; lastKnownFileType = sourcecode.swift; path = TechkyProfileTableViewCell.swift; sourceTree = "<group>"; };
		7AF175262227176D00478A7F /* TechkyProfileViewController.swift */ = {isa = PBXFileReference; lastKnownFileType = sourcecode.swift; path = TechkyProfileViewController.swift; sourceTree = "<group>"; };
		7AF1752822272EA700478A7F /* SignInViewController.swift */ = {isa = PBXFileReference; lastKnownFileType = sourcecode.swift; name = SignInViewController.swift; path = ViewControllers/SignInViewController.swift; sourceTree = "<group>"; };
		7AF1752A22275EE300478A7F /* TextFieldDelegate.swift */ = {isa = PBXFileReference; lastKnownFileType = sourcecode.swift; path = TextFieldDelegate.swift; sourceTree = "<group>"; };
		7AF1752C222760BF00478A7F /* UIViewController.swift */ = {isa = PBXFileReference; lastKnownFileType = sourcecode.swift; path = UIViewController.swift; sourceTree = "<group>"; };
/* End PBXFileReference section */

/* Begin PBXFrameworksBuildPhase section */
		7AA677C422250BDB00F6B596 /* Frameworks */ = {
			isa = PBXFrameworksBuildPhase;
			buildActionMask = 2147483647;
			files = (
			);
			runOnlyForDeploymentPostprocessing = 0;
		};
/* End PBXFrameworksBuildPhase section */

/* Begin PBXGroup section */
		7A3B27A522260C050030879A /* ViewControllers */ = {
			isa = PBXGroup;
			children = (
				7AA677CC22250BDB00F6B596 /* ViewController.swift */,
				7A3B27A922260CAC0030879A /* SignUpViewController.swift */,
				7AF175202226E47F00478A7F /* SearchResultsViewController.swift */,
				7AF175262227176D00478A7F /* TechkyProfileViewController.swift */,
			);
			path = ViewControllers;
			sourceTree = "<group>";
		};
		7A3B27A622260C180030879A /* Views */ = {
			isa = PBXGroup;
			children = (
				7AA677DC2225124F00F6B596 /* BackgroundCAGradientLayer.swift */,
				7AF17524222705D500478A7F /* TechkyProfileTableViewCell.swift */,
			);
			path = Views;
			sourceTree = "<group>";
		};
		7A3B27A722260C1D0030879A /* Models */ = {
			isa = PBXGroup;
			children = (
				7AF175222226FD8300478A7F /* TechkyProfile.swift */,
			);
			path = Models;
			sourceTree = "<group>";
		};
		7A3B27A822260C3C0030879A /* Extensions */ = {
			isa = PBXGroup;
			children = (
				7AF1752C222760BF00478A7F /* UIViewController.swift */,
				7AF1752A22275EE300478A7F /* TextFieldDelegate.swift */,
			);
			path = Extensions;
			sourceTree = "<group>";
		};
		7AA677BE22250BDB00F6B596 = {
			isa = PBXGroup;
			children = (
				7AA677C922250BDB00F6B596 /* HourTech */,
				7AA677C822250BDB00F6B596 /* Products */,
			);
			sourceTree = "<group>";
		};
		7AA677C822250BDB00F6B596 /* Products */ = {
			isa = PBXGroup;
			children = (
				7AA677C722250BDB00F6B596 /* HourTech.app */,
			);
			name = Products;
			sourceTree = "<group>";
		};
		7AA677C922250BDB00F6B596 /* HourTech */ = {
			isa = PBXGroup;
			children = (
				7A3B27A822260C3C0030879A /* Extensions */,
				7A3B27A722260C1D0030879A /* Models */,
				7A3B27A622260C180030879A /* Views */,
				7A3B27A522260C050030879A /* ViewControllers */,
				7AA677CA22250BDB00F6B596 /* AppDelegate.swift */,
				7AA677CE22250BDB00F6B596 /* Main.storyboard */,
				7AF1752822272EA700478A7F /* SignInViewController.swift */,
				7AA677D122250BDC00F6B596 /* Assets.xcassets */,
				7AA677D322250BDC00F6B596 /* LaunchScreen.storyboard */,
				7AA677D622250BDC00F6B596 /* Info.plist */,
			);
			path = HourTech;
			sourceTree = "<group>";
		};
/* End PBXGroup section */

/* Begin PBXNativeTarget section */
		7AA677C622250BDB00F6B596 /* HourTech */ = {
			isa = PBXNativeTarget;
			buildConfigurationList = 7AA677D922250BDC00F6B596 /* Build configuration list for PBXNativeTarget "HourTech" */;
			buildPhases = (
				7AA677C322250BDB00F6B596 /* Sources */,
				7AA677C422250BDB00F6B596 /* Frameworks */,
				7AA677C522250BDB00F6B596 /* Resources */,
			);
			buildRules = (
			);
			dependencies = (
			);
			name = HourTech;
			productName = HourTech;
			productReference = 7AA677C722250BDB00F6B596 /* HourTech.app */;
			productType = "com.apple.product-type.application";
		};
/* End PBXNativeTarget section */

/* Begin PBXProject section */
		7AA677BF22250BDB00F6B596 /* Project object */ = {
			isa = PBXProject;
			attributes = {
				LastSwiftUpdateCheck = 1010;
				LastUpgradeCheck = 1010;
				ORGANIZATIONNAME = "Maggie VU";
				TargetAttributes = {
					7AA677C622250BDB00F6B596 = {
						CreatedOnToolsVersion = 10.1;
					};
				};
			};
			buildConfigurationList = 7AA677C222250BDB00F6B596 /* Build configuration list for PBXProject "HourTech" */;
			compatibilityVersion = "Xcode 9.3";
			developmentRegion = en;
			hasScannedForEncodings = 0;
			knownRegions = (
				en,
				Base,
			);
			mainGroup = 7AA677BE22250BDB00F6B596;
			productRefGroup = 7AA677C822250BDB00F6B596 /* Products */;
			projectDirPath = "";
			projectRoot = "";
			targets = (
				7AA677C622250BDB00F6B596 /* HourTech */,
			);
		};
/* End PBXProject section */

/* Begin PBXResourcesBuildPhase section */
		7AA677C522250BDB00F6B596 /* Resources */ = {
			isa = PBXResourcesBuildPhase;
			buildActionMask = 2147483647;
			files = (
				7AA677D522250BDC00F6B596 /* LaunchScreen.storyboard in Resources */,
				7AA677D222250BDC00F6B596 /* Assets.xcassets in Resources */,
				7AA677D022250BDB00F6B596 /* Main.storyboard in Resources */,
			);
			runOnlyForDeploymentPostprocessing = 0;
		};
/* End PBXResourcesBuildPhase section */

/* Begin PBXSourcesBuildPhase section */
		7AA677C322250BDB00F6B596 /* Sources */ = {
			isa = PBXSourcesBuildPhase;
			buildActionMask = 2147483647;
			files = (
				7AA677CD22250BDB00F6B596 /* ViewController.swift in Sources */,
				7AA677DD2225124F00F6B596 /* BackgroundCAGradientLayer.swift in Sources */,
				7A3B27AA22260CAC0030879A /* SignUpViewController.swift in Sources */,
				7AF1752D222760BF00478A7F /* UIViewController.swift in Sources */,
				7AF17525222705D500478A7F /* TechkyProfileTableViewCell.swift in Sources */,
				7AF175272227176D00478A7F /* TechkyProfileViewController.swift in Sources */,
				7AF1752922272EA700478A7F /* SignInViewController.swift in Sources */,
				7AF175232226FD8300478A7F /* TechkyProfile.swift in Sources */,
				7AA677CB22250BDB00F6B596 /* AppDelegate.swift in Sources */,
				7AF1752B22275EE300478A7F /* TextFieldDelegate.swift in Sources */,
				7AF175212226E47F00478A7F /* SearchResultsViewController.swift in Sources */,
			);
			runOnlyForDeploymentPostprocessing = 0;
		};
/* End PBXSourcesBuildPhase section */

/* Begin PBXVariantGroup section */
		7AA677CE22250BDB00F6B596 /* Main.storyboard */ = {
			isa = PBXVariantGroup;
			children = (
				7AA677CF22250BDB00F6B596 /* Base */,
			);
			name = Main.storyboard;
			sourceTree = "<group>";
		};
		7AA677D322250BDC00F6B596 /* LaunchScreen.storyboard */ = {
			isa = PBXVariantGroup;
			children = (
				7AA677D422250BDC00F6B596 /* Base */,
			);
			name = LaunchScreen.storyboard;
			sourceTree = "<group>";
		};
/* End PBXVariantGroup section */

/* Begin XCBuildConfiguration section */
		7AA677D722250BDC00F6B596 /* Debug */ = {
			isa = XCBuildConfiguration;
			buildSettings = {
				ALWAYS_SEARCH_USER_PATHS = NO;
				CLANG_ANALYZER_NONNULL = YES;
				CLANG_ANALYZER_NUMBER_OBJECT_CONVERSION = YES_AGGRESSIVE;
				CLANG_CXX_LANGUAGE_STANDARD = "gnu++14";
				CLANG_CXX_LIBRARY = "libc++";
				CLANG_ENABLE_MODULES = YES;
				CLANG_ENABLE_OBJC_ARC = YES;
				CLANG_ENABLE_OBJC_WEAK = YES;
				CLANG_WARN_BLOCK_CAPTURE_AUTORELEASING = YES;
				CLANG_WARN_BOOL_CONVERSION = YES;
				CLANG_WARN_COMMA = YES;
				CLANG_WARN_CONSTANT_CONVERSION = YES;
				CLANG_WARN_DEPRECATED_OBJC_IMPLEMENTATIONS = YES;
				CLANG_WARN_DIRECT_OBJC_ISA_USAGE = YES_ERROR;
				CLANG_WARN_DOCUMENTATION_COMMENTS = YES;
				CLANG_WARN_EMPTY_BODY = YES;
				CLANG_WARN_ENUM_CONVERSION = YES;
				CLANG_WARN_INFINITE_RECURSION = YES;
				CLANG_WARN_INT_CONVERSION = YES;
				CLANG_WARN_NON_LITERAL_NULL_CONVERSION = YES;
				CLANG_WARN_OBJC_IMPLICIT_RETAIN_SELF = YES;
				CLANG_WARN_OBJC_LITERAL_CONVERSION = YES;
				CLANG_WARN_OBJC_ROOT_CLASS = YES_ERROR;
				CLANG_WARN_RANGE_LOOP_ANALYSIS = YES;
				CLANG_WARN_STRICT_PROTOTYPES = YES;
				CLANG_WARN_SUSPICIOUS_MOVE = YES;
				CLANG_WARN_UNGUARDED_AVAILABILITY = YES_AGGRESSIVE;
				CLANG_WARN_UNREACHABLE_CODE = YES;
				CLANG_WARN__DUPLICATE_METHOD_MATCH = YES;
				CODE_SIGN_IDENTITY = "iPhone Developer";
				COPY_PHASE_STRIP = NO;
				DEBUG_INFORMATION_FORMAT = dwarf;
				ENABLE_STRICT_OBJC_MSGSEND = YES;
				ENABLE_TESTABILITY = YES;
				GCC_C_LANGUAGE_STANDARD = gnu11;
				GCC_DYNAMIC_NO_PIC = NO;
				GCC_NO_COMMON_BLOCKS = YES;
				GCC_OPTIMIZATION_LEVEL = 0;
				GCC_PREPROCESSOR_DEFINITIONS = (
					"DEBUG=1",
					"$(inherited)",
				);
				GCC_WARN_64_TO_32_BIT_CONVERSION = YES;
				GCC_WARN_ABOUT_RETURN_TYPE = YES_ERROR;
				GCC_WARN_UNDECLARED_SELECTOR = YES;
				GCC_WARN_UNINITIALIZED_AUTOS = YES_AGGRESSIVE;
				GCC_WARN_UNUSED_FUNCTION = YES;
				GCC_WARN_UNUSED_VARIABLE = YES;
				IPHONEOS_DEPLOYMENT_TARGET = 12.1;
				MTL_ENABLE_DEBUG_INFO = INCLUDE_SOURCE;
				MTL_FAST_MATH = YES;
				ONLY_ACTIVE_ARCH = YES;
				SDKROOT = iphoneos;
				SWIFT_ACTIVE_COMPILATION_CONDITIONS = DEBUG;
				SWIFT_OPTIMIZATION_LEVEL = "-Onone";
			};
			name = Debug;
		};
		7AA677D822250BDC00F6B596 /* Release */ = {
			isa = XCBuildConfiguration;
			buildSettings = {
				ALWAYS_SEARCH_USER_PATHS = NO;
				CLANG_ANALYZER_NONNULL = YES;
				CLANG_ANALYZER_NUMBER_OBJECT_CONVERSION = YES_AGGRESSIVE;
				CLANG_CXX_LANGUAGE_STANDARD = "gnu++14";
				CLANG_CXX_LIBRARY = "libc++";
				CLANG_ENABLE_MODULES = YES;
				CLANG_ENABLE_OBJC_ARC = YES;
				CLANG_ENABLE_OBJC_WEAK = YES;
				CLANG_WARN_BLOCK_CAPTURE_AUTORELEASING = YES;
				CLANG_WARN_BOOL_CONVERSION = YES;
				CLANG_WARN_COMMA = YES;
				CLANG_WARN_CONSTANT_CONVERSION = YES;
				CLANG_WARN_DEPRECATED_OBJC_IMPLEMENTATIONS = YES;
				CLANG_WARN_DIRECT_OBJC_ISA_USAGE = YES_ERROR;
				CLANG_WARN_DOCUMENTATION_COMMENTS = YES;
				CLANG_WARN_EMPTY_BODY = YES;
				CLANG_WARN_ENUM_CONVERSION = YES;
				CLANG_WARN_INFINITE_RECURSION = YES;
				CLANG_WARN_INT_CONVERSION = YES;
				CLANG_WARN_NON_LITERAL_NULL_CONVERSION = YES;
				CLANG_WARN_OBJC_IMPLICIT_RETAIN_SELF = YES;
				CLANG_WARN_OBJC_LITERAL_CONVERSION = YES;
				CLANG_WARN_OBJC_ROOT_CLASS = YES_ERROR;
				CLANG_WARN_RANGE_LOOP_ANALYSIS = YES;
				CLANG_WARN_STRICT_PROTOTYPES = YES;
				CLANG_WARN_SUSPICIOUS_MOVE = YES;
				CLANG_WARN_UNGUARDED_AVAILABILITY = YES_AGGRESSIVE;
				CLANG_WARN_UNREACHABLE_CODE = YES;
				CLANG_WARN__DUPLICATE_METHOD_MATCH = YES;
				CODE_SIGN_IDENTITY = "iPhone Developer";
				COPY_PHASE_STRIP = NO;
				DEBUG_INFORMATION_FORMAT = "dwarf-with-dsym";
				ENABLE_NS_ASSERTIONS = NO;
				ENABLE_STRICT_OBJC_MSGSEND = YES;
				GCC_C_LANGUAGE_STANDARD = gnu11;
				GCC_NO_COMMON_BLOCKS = YES;
				GCC_WARN_64_TO_32_BIT_CONVERSION = YES;
				GCC_WARN_ABOUT_RETURN_TYPE = YES_ERROR;
				GCC_WARN_UNDECLARED_SELECTOR = YES;
				GCC_WARN_UNINITIALIZED_AUTOS = YES_AGGRESSIVE;
				GCC_WARN_UNUSED_FUNCTION = YES;
				GCC_WARN_UNUSED_VARIABLE = YES;
				IPHONEOS_DEPLOYMENT_TARGET = 12.1;
				MTL_ENABLE_DEBUG_INFO = NO;
				MTL_FAST_MATH = YES;
				SDKROOT = iphoneos;
				SWIFT_COMPILATION_MODE = wholemodule;
				SWIFT_OPTIMIZATION_LEVEL = "-O";
				VALIDATE_PRODUCT = YES;
			};
			name = Release;
		};
		7AA677DA22250BDC00F6B596 /* Debug */ = {
			isa = XCBuildConfiguration;
			buildSettings = {
				ASSETCATALOG_COMPILER_APPICON_NAME = AppIcon;
				CODE_SIGN_STYLE = Automatic;
				DEVELOPMENT_TEAM = NNZ852MZXY;
				INFOPLIST_FILE = HourTech/Info.plist;
				LD_RUNPATH_SEARCH_PATHS = (
					"$(inherited)",
					"@executable_path/Frameworks",
				);
				PRODUCT_BUNDLE_IDENTIFIER = com.maggievu.HourTech;
				PRODUCT_NAME = "$(TARGET_NAME)";
				SWIFT_VERSION = 4.2;
				TARGETED_DEVICE_FAMILY = "1,2";
			};
			name = Debug;
		};
		7AA677DB22250BDC00F6B596 /* Release */ = {
			isa = XCBuildConfiguration;
			buildSettings = {
				ASSETCATALOG_COMPILER_APPICON_NAME = AppIcon;
				CODE_SIGN_STYLE = Automatic;
				DEVELOPMENT_TEAM = NNZ852MZXY;
				INFOPLIST_FILE = HourTech/Info.plist;
				LD_RUNPATH_SEARCH_PATHS = (
					"$(inherited)",
					"@executable_path/Frameworks",
				);
				PRODUCT_BUNDLE_IDENTIFIER = com.maggievu.HourTech;
				PRODUCT_NAME = "$(TARGET_NAME)";
				SWIFT_VERSION = 4.2;
				TARGETED_DEVICE_FAMILY = "1,2";
			};
			name = Release;
		};
/* End XCBuildConfiguration section */

/* Begin XCConfigurationList section */
		7AA677C222250BDB00F6B596 /* Build configuration list for PBXProject "HourTech" */ = {
			isa = XCConfigurationList;
			buildConfigurations = (
				7AA677D722250BDC00F6B596 /* Debug */,
				7AA677D822250BDC00F6B596 /* Release */,
			);
			defaultConfigurationIsVisible = 0;
			defaultConfigurationName = Release;
		};
		7AA677D922250BDC00F6B596 /* Build configuration list for PBXNativeTarget "HourTech" */ = {
			isa = XCConfigurationList;
			buildConfigurations = (
				7AA677DA22250BDC00F6B596 /* Debug */,
				7AA677DB22250BDC00F6B596 /* Release */,
			);
			defaultConfigurationIsVisible = 0;
			defaultConfigurationName = Release;
		};
/* End XCConfigurationList section */
	};
	rootObject = 7AA677BF22250BDB00F6B596 /* Project object */;
}
